
Microsoft Visual Studio Solution File, Format Version 12.00
# Visual Studio Version 17
VisualStudioVersion = 17.5.002.0
MinimumVisualStudioVersion = 10.0.40219.1
Project("{9A19103F-16F7-4668-BE54-9A1E7A4F7556}") = "Substring", "Substring.csproj", "{BB573742-20E2-4F53-A0E0-F8E60A7C5B3B}"
EndProject
Global
	GlobalSection(SolutionConfigurationPlatforms) = preSolution
		Debug|Any CPU = Debug|Any CPU
		Release|Any CPU = Release|Any CPU
	EndGlobalSection
	GlobalSection(ProjectConfigurationPlatforms) = postSolution
		{BB573742-20E2-4F53-A0E0-F8E60A7C5B3B}.Debug|Any CPU.ActiveCfg = Debug|Any CPU
		{BB573742-20E2-4F53-A0E0-F8E60A7C5B3B}.Debug|Any CPU.Build.0 = Debug|Any CPU
		{BB573742-20E2-4F53-A0E0-F8E60A7C5B3B}.Release|Any CPU.ActiveCfg = Release|Any CPU
		{BB573742-20E2-4F53-A0E0-F8E60A7C5B3B}.Release|Any CPU.Build.0 = Release|Any CPU
	EndGlobalSection
	GlobalSection(SolutionProperties) = preSolution
		HideSolutionNode = FALSE
	EndGlobalSection
	GlobalSection(ExtensibilityGlobals) = postSolution
		SolutionGuid = {FD532618-2A16-43CF-A00D-04071E8D4019}
	EndGlobalSection
EndGlobal
