
Microsoft Visual Studio Solution File, Format Version 12.00
# Visual Studio Version 17
VisualStudioVersion = 17.5.002.0
MinimumVisualStudioVersion = 10.0.40219.1
Project("{9A19103F-16F7-4668-BE54-9A1E7A4F7556}") = "Enums", "Enums.csproj", "{382506E6-6301-4BFC-AB98-997DD5A2B305}"
EndProject
Global
	GlobalSection(SolutionConfigurationPlatforms) = preSolution
		Debug|Any CPU = Debug|Any CPU
		Release|Any CPU = Release|Any CPU
	EndGlobalSection
	GlobalSection(ProjectConfigurationPlatforms) = postSolution
		{382506E6-6301-4BFC-AB98-997DD5A2B305}.Debug|Any CPU.ActiveCfg = Debug|Any CPU
		{382506E6-6301-4BFC-AB98-997DD5A2B305}.Debug|Any CPU.Build.0 = Debug|Any CPU
		{382506E6-6301-4BFC-AB98-997DD5A2B305}.Release|Any CPU.ActiveCfg = Release|Any CPU
		{382506E6-6301-4BFC-AB98-997DD5A2B305}.Release|Any CPU.Build.0 = Release|Any CPU
	EndGlobalSection
	GlobalSection(SolutionProperties) = preSolution
		HideSolutionNode = FALSE
	EndGlobalSection
	GlobalSection(ExtensibilityGlobals) = postSolution
		SolutionGuid = {31E87FF1-D981-4ABA-A464-B25008E3D3E4}
	EndGlobalSection
EndGlobal
