
Microsoft Visual Studio Solution File, Format Version 12.00
# Visual Studio Version 17
VisualStudioVersion = 17.5.002.0
MinimumVisualStudioVersion = 10.0.40219.1
Project("{9A19103F-16F7-4668-BE54-9A1E7A4F7556}") = "PS - 03", "PS - 03.csproj", "{833526E3-DEB4-43A2-89B7-73E3942B319F}"
EndProject
Global
	GlobalSection(SolutionConfigurationPlatforms) = preSolution
		Debug|Any CPU = Debug|Any CPU
		Release|Any CPU = Release|Any CPU
	EndGlobalSection
	GlobalSection(ProjectConfigurationPlatforms) = postSolution
		{833526E3-DEB4-43A2-89B7-73E3942B319F}.Debug|Any CPU.ActiveCfg = Debug|Any CPU
		{833526E3-DEB4-43A2-89B7-73E3942B319F}.Debug|Any CPU.Build.0 = Debug|Any CPU
		{833526E3-DEB4-43A2-89B7-73E3942B319F}.Release|Any CPU.ActiveCfg = Release|Any CPU
		{833526E3-DEB4-43A2-89B7-73E3942B319F}.Release|Any CPU.Build.0 = Release|Any CPU
	EndGlobalSection
	GlobalSection(SolutionProperties) = preSolution
		HideSolutionNode = FALSE
	EndGlobalSection
	GlobalSection(ExtensibilityGlobals) = postSolution
		SolutionGuid = {F669BF81-3A38-475F-8E76-A75C21604365}
	EndGlobalSection
EndGlobal
