
Microsoft Visual Studio Solution File, Format Version 12.00
# Visual Studio Version 17
VisualStudioVersion = 17.5.002.0
MinimumVisualStudioVersion = 10.0.40219.1
Project("{9A19103F-16F7-4668-BE54-9A1E7A4F7556}") = "Logical operator", "Logical operator.csproj", "{E3AC3349-FBCB-4BEE-B408-556EE730FBC6}"
EndProject
Global
	GlobalSection(SolutionConfigurationPlatforms) = preSolution
		Debug|Any CPU = Debug|Any CPU
		Release|Any CPU = Release|Any CPU
	EndGlobalSection
	GlobalSection(ProjectConfigurationPlatforms) = postSolution
		{E3AC3349-FBCB-4BEE-B408-556EE730FBC6}.Debug|Any CPU.ActiveCfg = Debug|Any CPU
		{E3AC3349-FBCB-4BEE-B408-556EE730FBC6}.Debug|Any CPU.Build.0 = Debug|Any CPU
		{E3AC3349-FBCB-4BEE-B408-556EE730FBC6}.Release|Any CPU.ActiveCfg = Release|Any CPU
		{E3AC3349-FBCB-4BEE-B408-556EE730FBC6}.Release|Any CPU.Build.0 = Release|Any CPU
	EndGlobalSection
	GlobalSection(SolutionProperties) = preSolution
		HideSolutionNode = FALSE
	EndGlobalSection
	GlobalSection(ExtensibilityGlobals) = postSolution
		SolutionGuid = {F7B49FBB-C968-4EB7-B2DD-703AE1F4D833}
	EndGlobalSection
EndGlobal
