
Microsoft Visual Studio Solution File, Format Version 12.00
# Visual Studio Version 17
VisualStudioVersion = 17.5.002.0
MinimumVisualStudioVersion = 10.0.40219.1
Project("{9A19103F-16F7-4668-BE54-9A1E7A4F7556}") = "Method Overloading", "Method Overloading.csproj", "{CFC3905E-893F-4628-A0BA-2B662ECBF47A}"
EndProject
Global
	GlobalSection(SolutionConfigurationPlatforms) = preSolution
		Debug|Any CPU = Debug|Any CPU
		Release|Any CPU = Release|Any CPU
	EndGlobalSection
	GlobalSection(ProjectConfigurationPlatforms) = postSolution
		{CFC3905E-893F-4628-A0BA-2B662ECBF47A}.Debug|Any CPU.ActiveCfg = Debug|Any CPU
		{CFC3905E-893F-4628-A0BA-2B662ECBF47A}.Debug|Any CPU.Build.0 = Debug|Any CPU
		{CFC3905E-893F-4628-A0BA-2B662ECBF47A}.Release|Any CPU.ActiveCfg = Release|Any CPU
		{CFC3905E-893F-4628-A0BA-2B662ECBF47A}.Release|Any CPU.Build.0 = Release|Any CPU
	EndGlobalSection
	GlobalSection(SolutionProperties) = preSolution
		HideSolutionNode = FALSE
	EndGlobalSection
	GlobalSection(ExtensibilityGlobals) = postSolution
		SolutionGuid = {F9C85148-3DC6-41D9-98CD-84646875AA84}
	EndGlobalSection
EndGlobal
