
Microsoft Visual Studio Solution File, Format Version 12.00
# Visual Studio Version 17
VisualStudioVersion = 17.5.002.0
MinimumVisualStudioVersion = 10.0.40219.1
Project("{9A19103F-16F7-4668-BE54-9A1E7A4F7556}") = "Methods", "Methods.csproj", "{E372A360-D16B-4287-9CD2-1EEB345DFCDD}"
EndProject
Global
	GlobalSection(SolutionConfigurationPlatforms) = preSolution
		Debug|Any CPU = Debug|Any CPU
		Release|Any CPU = Release|Any CPU
	EndGlobalSection
	GlobalSection(ProjectConfigurationPlatforms) = postSolution
		{E372A360-D16B-4287-9CD2-1EEB345DFCDD}.Debug|Any CPU.ActiveCfg = Debug|Any CPU
		{E372A360-D16B-4287-9CD2-1EEB345DFCDD}.Debug|Any CPU.Build.0 = Debug|Any CPU
		{E372A360-D16B-4287-9CD2-1EEB345DFCDD}.Release|Any CPU.ActiveCfg = Release|Any CPU
		{E372A360-D16B-4287-9CD2-1EEB345DFCDD}.Release|Any CPU.Build.0 = Release|Any CPU
	EndGlobalSection
	GlobalSection(SolutionProperties) = preSolution
		HideSolutionNode = FALSE
	EndGlobalSection
	GlobalSection(ExtensibilityGlobals) = postSolution
		SolutionGuid = {7AC1F07A-52C4-4EE2-BF71-D90CEEED5D80}
	EndGlobalSection
EndGlobal
