
Microsoft Visual Studio Solution File, Format Version 12.00
# Visual Studio Version 17
VisualStudioVersion = 17.5.002.0
MinimumVisualStudioVersion = 10.0.40219.1
Project("{9A19103F-16F7-4668-BE54-9A1E7A4F7556}") = "Constructor", "Constructor.csproj", "{F02B5488-A54B-4103-BF57-6BA2FE1EFDF0}"
EndProject
Global
	GlobalSection(SolutionConfigurationPlatforms) = preSolution
		Debug|Any CPU = Debug|Any CPU
		Release|Any CPU = Release|Any CPU
	EndGlobalSection
	GlobalSection(ProjectConfigurationPlatforms) = postSolution
		{F02B5488-A54B-4103-BF57-6BA2FE1EFDF0}.Debug|Any CPU.ActiveCfg = Debug|Any CPU
		{F02B5488-A54B-4103-BF57-6BA2FE1EFDF0}.Debug|Any CPU.Build.0 = Debug|Any CPU
		{F02B5488-A54B-4103-BF57-6BA2FE1EFDF0}.Release|Any CPU.ActiveCfg = Release|Any CPU
		{F02B5488-A54B-4103-BF57-6BA2FE1EFDF0}.Release|Any CPU.Build.0 = Release|Any CPU
	EndGlobalSection
	GlobalSection(SolutionProperties) = preSolution
		HideSolutionNode = FALSE
	EndGlobalSection
	GlobalSection(ExtensibilityGlobals) = postSolution
		SolutionGuid = {28300A8D-3F70-4486-AE56-17D02E93D753}
	EndGlobalSection
EndGlobal
