
Microsoft Visual Studio Solution File, Format Version 12.00
# Visual Studio Version 17
VisualStudioVersion = 17.5.002.0
MinimumVisualStudioVersion = 10.0.40219.1
Project("{9A19103F-16F7-4668-BE54-9A1E7A4F7556}") = "Methods Return Values", "Methods Return Values.csproj", "{B553C6EA-B024-4041-A088-9DFC2D44D8E4}"
EndProject
Global
	GlobalSection(SolutionConfigurationPlatforms) = preSolution
		Debug|Any CPU = Debug|Any CPU
		Release|Any CPU = Release|Any CPU
	EndGlobalSection
	GlobalSection(ProjectConfigurationPlatforms) = postSolution
		{B553C6EA-B024-4041-A088-9DFC2D44D8E4}.Debug|Any CPU.ActiveCfg = Debug|Any CPU
		{B553C6EA-B024-4041-A088-9DFC2D44D8E4}.Debug|Any CPU.Build.0 = Debug|Any CPU
		{B553C6EA-B024-4041-A088-9DFC2D44D8E4}.Release|Any CPU.ActiveCfg = Release|Any CPU
		{B553C6EA-B024-4041-A088-9DFC2D44D8E4}.Release|Any CPU.Build.0 = Release|Any CPU
	EndGlobalSection
	GlobalSection(SolutionProperties) = preSolution
		HideSolutionNode = FALSE
	EndGlobalSection
	GlobalSection(ExtensibilityGlobals) = postSolution
		SolutionGuid = {FF463F14-125C-4C78-8E6F-E665F67C88BB}
	EndGlobalSection
EndGlobal
