
Microsoft Visual Studio Solution File, Format Version 12.00
# Visual Studio Version 17
VisualStudioVersion = 17.5.002.0
MinimumVisualStudioVersion = 10.0.40219.1
Project("{9A19103F-16F7-4668-BE54-9A1E7A4F7556}") = "Switch Case", "Switch Case.csproj", "{DF89B5BA-98B6-4995-86B9-3D9E9372E29A}"
EndProject
Global
	GlobalSection(SolutionConfigurationPlatforms) = preSolution
		Debug|Any CPU = Debug|Any CPU
		Release|Any CPU = Release|Any CPU
	EndGlobalSection
	GlobalSection(ProjectConfigurationPlatforms) = postSolution
		{DF89B5BA-98B6-4995-86B9-3D9E9372E29A}.Debug|Any CPU.ActiveCfg = Debug|Any CPU
		{DF89B5BA-98B6-4995-86B9-3D9E9372E29A}.Debug|Any CPU.Build.0 = Debug|Any CPU
		{DF89B5BA-98B6-4995-86B9-3D9E9372E29A}.Release|Any CPU.ActiveCfg = Release|Any CPU
		{DF89B5BA-98B6-4995-86B9-3D9E9372E29A}.Release|Any CPU.Build.0 = Release|Any CPU
	EndGlobalSection
	GlobalSection(SolutionProperties) = preSolution
		HideSolutionNode = FALSE
	EndGlobalSection
	GlobalSection(ExtensibilityGlobals) = postSolution
		SolutionGuid = {4216511F-7F5F-46CE-B692-F58077888FD3}
	EndGlobalSection
EndGlobal
