
Microsoft Visual Studio Solution File, Format Version 12.00
# Visual Studio Version 17
VisualStudioVersion = 17.5.002.0
MinimumVisualStudioVersion = 10.0.40219.1
Project("{9A19103F-16F7-4668-BE54-9A1E7A4F7556}") = "Tuple (Explicit)", "Tuple (Explicit).csproj", "{15BB9A41-B013-4E06-A86A-A9893219EA68}"
EndProject
Global
	GlobalSection(SolutionConfigurationPlatforms) = preSolution
		Debug|Any CPU = Debug|Any CPU
		Release|Any CPU = Release|Any CPU
	EndGlobalSection
	GlobalSection(ProjectConfigurationPlatforms) = postSolution
		{15BB9A41-B013-4E06-A86A-A9893219EA68}.Debug|Any CPU.ActiveCfg = Debug|Any CPU
		{15BB9A41-B013-4E06-A86A-A9893219EA68}.Debug|Any CPU.Build.0 = Debug|Any CPU
		{15BB9A41-B013-4E06-A86A-A9893219EA68}.Release|Any CPU.ActiveCfg = Release|Any CPU
		{15BB9A41-B013-4E06-A86A-A9893219EA68}.Release|Any CPU.Build.0 = Release|Any CPU
	EndGlobalSection
	GlobalSection(SolutionProperties) = preSolution
		HideSolutionNode = FALSE
	EndGlobalSection
	GlobalSection(ExtensibilityGlobals) = postSolution
		SolutionGuid = {B1348167-A4E0-42B1-A684-57A2050945B3}
	EndGlobalSection
EndGlobal
