
Microsoft Visual Studio Solution File, Format Version 12.00
# Visual Studio Version 17
VisualStudioVersion = 17.5.002.0
MinimumVisualStudioVersion = 10.0.40219.1
Project("{9A19103F-16F7-4668-BE54-9A1E7A4F7556}") = "Array or List", "Array or List.csproj", "{A59C9F6F-DA22-4FF3-A143-95FDC6DDBDB2}"
EndProject
Global
	GlobalSection(SolutionConfigurationPlatforms) = preSolution
		Debug|Any CPU = Debug|Any CPU
		Release|Any CPU = Release|Any CPU
	EndGlobalSection
	GlobalSection(ProjectConfigurationPlatforms) = postSolution
		{A59C9F6F-DA22-4FF3-A143-95FDC6DDBDB2}.Debug|Any CPU.ActiveCfg = Debug|Any CPU
		{A59C9F6F-DA22-4FF3-A143-95FDC6DDBDB2}.Debug|Any CPU.Build.0 = Debug|Any CPU
		{A59C9F6F-DA22-4FF3-A143-95FDC6DDBDB2}.Release|Any CPU.ActiveCfg = Release|Any CPU
		{A59C9F6F-DA22-4FF3-A143-95FDC6DDBDB2}.Release|Any CPU.Build.0 = Release|Any CPU
	EndGlobalSection
	GlobalSection(SolutionProperties) = preSolution
		HideSolutionNode = FALSE
	EndGlobalSection
	GlobalSection(ExtensibilityGlobals) = postSolution
		SolutionGuid = {DADE48C7-3239-48B4-9A5F-25C6308E1D35}
	EndGlobalSection
EndGlobal
