
Microsoft Visual Studio Solution File, Format Version 12.00
# Visual Studio Version 17
VisualStudioVersion = 17.5.002.0
MinimumVisualStudioVersion = 10.0.40219.1
Project("{9A19103F-16F7-4668-BE54-9A1E7A4F7556}") = "PS - 03", "PS - 03.csproj", "{EE4BFD08-1EB8-4DEE-85DB-9394E8EB84AB}"
EndProject
Global
	GlobalSection(SolutionConfigurationPlatforms) = preSolution
		Debug|Any CPU = Debug|Any CPU
		Release|Any CPU = Release|Any CPU
	EndGlobalSection
	GlobalSection(ProjectConfigurationPlatforms) = postSolution
		{EE4BFD08-1EB8-4DEE-85DB-9394E8EB84AB}.Debug|Any CPU.ActiveCfg = Debug|Any CPU
		{EE4BFD08-1EB8-4DEE-85DB-9394E8EB84AB}.Debug|Any CPU.Build.0 = Debug|Any CPU
		{EE4BFD08-1EB8-4DEE-85DB-9394E8EB84AB}.Release|Any CPU.ActiveCfg = Release|Any CPU
		{EE4BFD08-1EB8-4DEE-85DB-9394E8EB84AB}.Release|Any CPU.Build.0 = Release|Any CPU
	EndGlobalSection
	GlobalSection(SolutionProperties) = preSolution
		HideSolutionNode = FALSE
	EndGlobalSection
	GlobalSection(ExtensibilityGlobals) = postSolution
		SolutionGuid = {FFE2BCFB-6680-49FF-9D2C-F6DFCD94AA60}
	EndGlobalSection
EndGlobal
