
Microsoft Visual Studio Solution File, Format Version 12.00
# Visual Studio Version 17
VisualStudioVersion = 17.5.002.0
MinimumVisualStudioVersion = 10.0.40219.1
Project("{9A19103F-16F7-4668-BE54-9A1E7A4F7556}") = "Class Members", "Class Members.csproj", "{09359B01-1737-4130-B61B-6319BDD6B81D}"
EndProject
Global
	GlobalSection(SolutionConfigurationPlatforms) = preSolution
		Debug|Any CPU = Debug|Any CPU
		Release|Any CPU = Release|Any CPU
	EndGlobalSection
	GlobalSection(ProjectConfigurationPlatforms) = postSolution
		{09359B01-1737-4130-B61B-6319BDD6B81D}.Debug|Any CPU.ActiveCfg = Debug|Any CPU
		{09359B01-1737-4130-B61B-6319BDD6B81D}.Debug|Any CPU.Build.0 = Debug|Any CPU
		{09359B01-1737-4130-B61B-6319BDD6B81D}.Release|Any CPU.ActiveCfg = Release|Any CPU
		{09359B01-1737-4130-B61B-6319BDD6B81D}.Release|Any CPU.Build.0 = Release|Any CPU
	EndGlobalSection
	GlobalSection(SolutionProperties) = preSolution
		HideSolutionNode = FALSE
	EndGlobalSection
	GlobalSection(ExtensibilityGlobals) = postSolution
		SolutionGuid = {521579D9-1D51-4ECF-9FA5-2CFB8D25C42A}
	EndGlobalSection
EndGlobal
