
Microsoft Visual Studio Solution File, Format Version 12.00
# Visual Studio Version 17
VisualStudioVersion = 17.5.002.0
MinimumVisualStudioVersion = 10.0.40219.1
Project("{9A19103F-16F7-4668-BE54-9A1E7A4F7556}") = "Short hand properties", "Short hand properties.csproj", "{5BB97600-6D18-48F2-81A8-A7B13B8452C2}"
EndProject
Global
	GlobalSection(SolutionConfigurationPlatforms) = preSolution
		Debug|Any CPU = Debug|Any CPU
		Release|Any CPU = Release|Any CPU
	EndGlobalSection
	GlobalSection(ProjectConfigurationPlatforms) = postSolution
		{5BB97600-6D18-48F2-81A8-A7B13B8452C2}.Debug|Any CPU.ActiveCfg = Debug|Any CPU
		{5BB97600-6D18-48F2-81A8-A7B13B8452C2}.Debug|Any CPU.Build.0 = Debug|Any CPU
		{5BB97600-6D18-48F2-81A8-A7B13B8452C2}.Release|Any CPU.ActiveCfg = Release|Any CPU
		{5BB97600-6D18-48F2-81A8-A7B13B8452C2}.Release|Any CPU.Build.0 = Release|Any CPU
	EndGlobalSection
	GlobalSection(SolutionProperties) = preSolution
		HideSolutionNode = FALSE
	EndGlobalSection
	GlobalSection(ExtensibilityGlobals) = postSolution
		SolutionGuid = {32F83AAB-6065-42AE-90A9-F88C8CB134F6}
	EndGlobalSection
EndGlobal
