
Microsoft Visual Studio Solution File, Format Version 12.00
# Visual Studio Version 17
VisualStudioVersion = 17.5.002.0
MinimumVisualStudioVersion = 10.0.40219.1
Project("{9A19103F-16F7-4668-BE54-9A1E7A4F7556}") = "Multidimension Array", "Multidimension Array.csproj", "{1A258396-8FB4-4DAA-99B1-730E0C7457DF}"
EndProject
Global
	GlobalSection(SolutionConfigurationPlatforms) = preSolution
		Debug|Any CPU = Debug|Any CPU
		Release|Any CPU = Release|Any CPU
	EndGlobalSection
	GlobalSection(ProjectConfigurationPlatforms) = postSolution
		{1A258396-8FB4-4DAA-99B1-730E0C7457DF}.Debug|Any CPU.ActiveCfg = Debug|Any CPU
		{1A258396-8FB4-4DAA-99B1-730E0C7457DF}.Debug|Any CPU.Build.0 = Debug|Any CPU
		{1A258396-8FB4-4DAA-99B1-730E0C7457DF}.Release|Any CPU.ActiveCfg = Release|Any CPU
		{1A258396-8FB4-4DAA-99B1-730E0C7457DF}.Release|Any CPU.Build.0 = Release|Any CPU
	EndGlobalSection
	GlobalSection(SolutionProperties) = preSolution
		HideSolutionNode = FALSE
	EndGlobalSection
	GlobalSection(ExtensibilityGlobals) = postSolution
		SolutionGuid = {61C7D61C-1AB4-4909-8CC8-B59526FDCFA3}
	EndGlobalSection
EndGlobal
